
Microsoft Visual Studio Solution File, Format Version 12.00
# Visual Studio Version 17
VisualStudioVersion = 17.7.34202.233
MinimumVisualStudioVersion = 10.0.40219.1
Project("{FAE04EC0-301F-11D3-BF4B-00C04F79EFBC}") = "ValidacaoConhecimentoCG.API", "src\ValidacaoConhecimentoCG.API\ValidacaoConhecimentoCG.API.csproj", "{D8242408-6C74-4BB9-8AFE-17C219FDDB81}"
EndProject
Global
	GlobalSection(SolutionConfigurationPlatforms) = preSolution
		Debug|Any CPU = Debug|Any CPU
		Release|Any CPU = Release|Any CPU
	EndGlobalSection
	GlobalSection(ProjectConfigurationPlatforms) = postSolution
		{D8242408-6C74-4BB9-8AFE-17C219FDDB81}.Debug|Any CPU.ActiveCfg = Debug|Any CPU
		{D8242408-6C74-4BB9-8AFE-17C219FDDB81}.Debug|Any CPU.Build.0 = Debug|Any CPU
		{D8242408-6C74-4BB9-8AFE-17C219FDDB81}.Release|Any CPU.ActiveCfg = Release|Any CPU
		{D8242408-6C74-4BB9-8AFE-17C219FDDB81}.Release|Any CPU.Build.0 = Release|Any CPU
	EndGlobalSection
	GlobalSection(SolutionProperties) = preSolution
		HideSolutionNode = FALSE
	EndGlobalSection
	GlobalSection(ExtensibilityGlobals) = postSolution
		SolutionGuid = {C2D957DF-15DA-417A-A738-71410EE50FA4}
	EndGlobalSection
EndGlobal
